
Microsoft Visual Studio Solution File, Format Version 12.00
# Visual Studio Version 17
VisualStudioVersion = 17.7.34031.279
MinimumVisualStudioVersion = 10.0.40219.1
Project("{FAE04EC0-301F-11D3-BF4B-00C04F79EFBC}") = "masivi", "masivi\masivi.csproj", "{0DC196A1-C5F4-4B17-9BE1-8976961EE418}"
EndProject
Global
	GlobalSection(SolutionConfigurationPlatforms) = preSolution
		Debug|Any CPU = Debug|Any CPU
		Release|Any CPU = Release|Any CPU
	EndGlobalSection
	GlobalSection(ProjectConfigurationPlatforms) = postSolution
		{0DC196A1-C5F4-4B17-9BE1-8976961EE418}.Debug|Any CPU.ActiveCfg = Debug|Any CPU
		{0DC196A1-C5F4-4B17-9BE1-8976961EE418}.Debug|Any CPU.Build.0 = Debug|Any CPU
		{0DC196A1-C5F4-4B17-9BE1-8976961EE418}.Release|Any CPU.ActiveCfg = Release|Any CPU
		{0DC196A1-C5F4-4B17-9BE1-8976961EE418}.Release|Any CPU.Build.0 = Release|Any CPU
	EndGlobalSection
	GlobalSection(SolutionProperties) = preSolution
		HideSolutionNode = FALSE
	EndGlobalSection
	GlobalSection(ExtensibilityGlobals) = postSolution
		SolutionGuid = {EA643CFA-76A3-4DC0-961E-37FA5235EF11}
	EndGlobalSection
EndGlobal
